
Microsoft Visual Studio Solution File, Format Version 12.00
# Visual Studio Version 17
VisualStudioVersion = 17.14.36908.2 d17.14
MinimumVisualStudioVersion = 10.0.40219.1
Project("{FAE04EC0-301F-11D3-BF4B-00C04F79EFBC}") = "GerenciadorDeLivraria", "GerenciadorDeLivraria.csproj", "{753F85B0-6F9F-4889-8952-BE556803C763}"
EndProject
Global
	GlobalSection(SolutionConfigurationPlatforms) = preSolution
		Debug|Any CPU = Debug|Any CPU
		Release|Any CPU = Release|Any CPU
	EndGlobalSection
	GlobalSection(ProjectConfigurationPlatforms) = postSolution
		{753F85B0-6F9F-4889-8952-BE556803C763}.Debug|Any CPU.ActiveCfg = Debug|Any CPU
		{753F85B0-6F9F-4889-8952-BE556803C763}.Debug|Any CPU.Build.0 = Debug|Any CPU
		{753F85B0-6F9F-4889-8952-BE556803C763}.Release|Any CPU.ActiveCfg = Release|Any CPU
		{753F85B0-6F9F-4889-8952-BE556803C763}.Release|Any CPU.Build.0 = Release|Any CPU
	EndGlobalSection
	GlobalSection(SolutionProperties) = preSolution
		HideSolutionNode = FALSE
	EndGlobalSection
	GlobalSection(ExtensibilityGlobals) = postSolution
		SolutionGuid = {7DF072D5-7CC3-49E6-93EE-9F0C57BD051C}
	EndGlobalSection
EndGlobal
